
Microsoft Visual Studio Solution File, Format Version 11.00
# Visual Studio 2010
Project("{FAE04EC0-301F-11D3-BF4B-00C04F79EFBC}") = "Assembly-CSharp", "Assembly-CSharp.csproj", "{2a961466-df3e-0f6a-598b-4cedb4c53e8d}"
EndProject
Project("{FAE04EC0-301F-11D3-BF4B-00C04F79EFBC}") = "Assembly-CSharp-Editor", "Assembly-CSharp-Editor.csproj", "{1f231590-5c73-0825-0ce5-a34012f906d0}"
EndProject
Global
	GlobalSection(SolutionConfigurationPlatforms) = preSolution
		Debug|Any CPU = Debug|Any CPU
	EndGlobalSection
	GlobalSection(ProjectConfigurationPlatforms) = postSolution
		{2a961466-df3e-0f6a-598b-4cedb4c53e8d}.Debug|Any CPU.ActiveCfg = Debug|Any CPU
		{2a961466-df3e-0f6a-598b-4cedb4c53e8d}.Debug|Any CPU.Build.0 = Debug|Any CPU
		{1f231590-5c73-0825-0ce5-a34012f906d0}.Debug|Any CPU.ActiveCfg = Debug|Any CPU
		{1f231590-5c73-0825-0ce5-a34012f906d0}.Debug|Any CPU.Build.0 = Debug|Any CPU
	EndGlobalSection
	GlobalSection(SolutionProperties) = preSolution
		HideSolutionNode = FALSE
	EndGlobalSection
EndGlobal
